
Microsoft Visual Studio Solution File, Format Version 12.00
# Visual Studio Version 17
VisualStudioVersion = 17.7.34221.43
MinimumVisualStudioVersion = 10.0.40219.1
Project("{FAE04EC0-301F-11D3-BF4B-00C04F79EFBC}") = "CrudProduto", "CrudProduto\CrudProduto.csproj", "{5D59BB01-BEBC-4BF5-9266-C6E1BD1E002B}"
EndProject
Global
	GlobalSection(SolutionConfigurationPlatforms) = preSolution
		Debug|Any CPU = Debug|Any CPU
		Release|Any CPU = Release|Any CPU
	EndGlobalSection
	GlobalSection(ProjectConfigurationPlatforms) = postSolution
		{5D59BB01-BEBC-4BF5-9266-C6E1BD1E002B}.Debug|Any CPU.ActiveCfg = Debug|Any CPU
		{5D59BB01-BEBC-4BF5-9266-C6E1BD1E002B}.Debug|Any CPU.Build.0 = Debug|Any CPU
		{5D59BB01-BEBC-4BF5-9266-C6E1BD1E002B}.Release|Any CPU.ActiveCfg = Release|Any CPU
		{5D59BB01-BEBC-4BF5-9266-C6E1BD1E002B}.Release|Any CPU.Build.0 = Release|Any CPU
	EndGlobalSection
	GlobalSection(SolutionProperties) = preSolution
		HideSolutionNode = FALSE
	EndGlobalSection
	GlobalSection(ExtensibilityGlobals) = postSolution
		SolutionGuid = {90B94761-F101-4DB8-87D3-25DAC043587D}
	EndGlobalSection
EndGlobal
